
Microsoft Visual Studio Solution File, Format Version 12.00
# Visual Studio 15
VisualStudioVersion = 15.0.27428.2011
MinimumVisualStudioVersion = 10.0.40219.1
Project("{9A19103F-16F7-4668-BE54-9A1E7A4F7556}") = "app1", "app1.csproj", "{D27D2B28-B143-43F6-8CAE-8F5F36F5319A}"
EndProject
Global
	GlobalSection(SolutionConfigurationPlatforms) = preSolution
		Debug|Any CPU = Debug|Any CPU
		Release|Any CPU = Release|Any CPU
	EndGlobalSection
	GlobalSection(ProjectConfigurationPlatforms) = postSolution
		{D27D2B28-B143-43F6-8CAE-8F5F36F5319A}.Debug|Any CPU.ActiveCfg = Debug|Any CPU
		{D27D2B28-B143-43F6-8CAE-8F5F36F5319A}.Debug|Any CPU.Build.0 = Debug|Any CPU
		{D27D2B28-B143-43F6-8CAE-8F5F36F5319A}.Release|Any CPU.ActiveCfg = Release|Any CPU
		{D27D2B28-B143-43F6-8CAE-8F5F36F5319A}.Release|Any CPU.Build.0 = Release|Any CPU
	EndGlobalSection
	GlobalSection(SolutionProperties) = preSolution
		HideSolutionNode = FALSE
	EndGlobalSection
	GlobalSection(ExtensibilityGlobals) = postSolution
		SolutionGuid = {B69F9570-FA5E-4929-AD76-41438A080B01}
	EndGlobalSection
EndGlobal
